# This file is automatically @generated by Cargo.
# It is not intended for manual editing.
version = 3

[[package]]
name = "ss-core-ctl"
version = "0.1.0"

[[package]]
name = "ss-core-daemon"
version = "0.1.0"

[[package]]
name = "ss-core-enforce"
version = "0.1.0"

[[package]]
name = "ss-core-ipc"
version = "0.1.0"

[[package]]
name = "ss-core-model"
version = "0.1.0"

[[package]]
name = "ss-core-store"
version = "0.1.0"
